
Microsoft Visual Studio Solution File, Format Version 12.00
# Visual Studio Version 17
VisualStudioVersion = 17.0.31903.59
MinimumVisualStudioVersion = 10.0.40219.1
Project("{9A19103F-16F7-4668-BE54-9A1E7A4F7556}") = "CarAuctionService", "src\CarAuctionService\CarAuctionService.csproj", "{0355C4C1-FAA6-4E79-B913-F19854636889}"
EndProject
Global
	GlobalSection(SolutionConfigurationPlatforms) = preSolution
		Debug|Any CPU = Debug|Any CPU
		Release|Any CPU = Release|Any CPU
	EndGlobalSection
	GlobalSection(ProjectConfigurationPlatforms) = postSolution
		{0355C4C1-FAA6-4E79-B913-F19854636889}.Debug|Any CPU.ActiveCfg = Debug|Any CPU
		{0355C4C1-FAA6-4E79-B913-F19854636889}.Debug|Any CPU.Build.0 = Debug|Any CPU
		{0355C4C1-FAA6-4E79-B913-F19854636889}.Release|Any CPU.ActiveCfg = Release|Any CPU
		{0355C4C1-FAA6-4E79-B913-F19854636889}.Release|Any CPU.Build.0 = Release|Any CPU
	EndGlobalSection
	GlobalSection(SolutionProperties) = preSolution
		HideSolutionNode = FALSE
	EndGlobalSection
	GlobalSection(ExtensibilityGlobals) = postSolution
		SolutionGuid = {B05E2FAA-252E-44E9-9F8C-1B5B9713A728}
	EndGlobalSection
EndGlobal
